// !$*UTF8*$!
{
	archiveVersion = 1;
	classes = {
	};
	objectVersion = 48;
	objects = {

/* Begin PBXBuildFile section */
		AC3ACA941F853168002687E2 /* AppDelegate.swift in Sources */ = {isa = PBXBuildFile; fileRef = AC3ACA931F853168002687E2 /* AppDelegate.swift */; };
		AC3ACA961F853168002687E2 /* ViewController.swift in Sources */ = {isa = PBXBuildFile; fileRef = AC3ACA951F853168002687E2 /* ViewController.swift */; };
		AC3ACA991F853168002687E2 /* Main.storyboard in Resources */ = {isa = PBXBuildFile; fileRef = AC3ACA971F853168002687E2 /* Main.storyboard */; };
		AC3ACA9B1F853168002687E2 /* Assets.xcassets in Resources */ = {isa = PBXBuildFile; fileRef = AC3ACA9A1F853168002687E2 /* Assets.xcassets */; };
		AC3ACA9E1F853168002687E2 /* LaunchScreen.storyboard in Resources */ = {isa = PBXBuildFile; fileRef = AC3ACA9C1F853168002687E2 /* LaunchScreen.storyboard */; };
		AC3ACAA91F853169002687E2 /* MyLocationDemoTests.swift in Sources */ = {isa = PBXBuildFile; fileRef = AC3ACAA81F853169002687E2 /* MyLocationDemoTests.swift */; };
		AC3ACAB41F853169002687E2 /* MyLocationDemoUITests.swift in Sources */ = {isa = PBXBuildFile; fileRef = AC3ACAB31F853169002687E2 /* MyLocationDemoUITests.swift */; };
		ACC43BEA1FA5935400EE8A23 /* HomeViewController.swift in Sources */ = {isa = PBXBuildFile; fileRef = ACC43BE91FA5935400EE8A23 /* HomeViewController.swift */; };
		ACC43BEE1FA5A30300EE8A23 /* Styleguide.swift in Sources */ = {isa = PBXBuildFile; fileRef = ACC43BEB1FA5A30300EE8A23 /* Styleguide.swift */; };
		ACC43BEF1FA5A30300EE8A23 /* StyleguideHelpers.swift in Sources */ = {isa = PBXBuildFile; fileRef = ACC43BEC1FA5A30300EE8A23 /* StyleguideHelpers.swift */; };
		ACC43BF01FA5A30300EE8A23 /* README.md in Resources */ = {isa = PBXBuildFile; fileRef = ACC43BED1FA5A30300EE8A23 /* README.md */; };
		ACDBC3C01FA721C20015606F /* Main1.storyboard in Resources */ = {isa = PBXBuildFile; fileRef = ACDBC3BF1FA721C20015606F /* Main1.storyboard */; };
		ACDBC3C21FA724360015606F /* DisplayTableViewController.swift in Sources */ = {isa = PBXBuildFile; fileRef = ACDBC3C11FA724360015606F /* DisplayTableViewController.swift */; };
		ACDBC3C71FA724740015606F /* addItemViewController.swift in Sources */ = {isa = PBXBuildFile; fileRef = ACDBC3C31FA724740015606F /* addItemViewController.swift */; };
		ACDBC3C81FA724740015606F /* CoreDataExample.xcdatamodel in Sources */ = {isa = PBXBuildFile; fileRef = ACDBC3C41FA724740015606F /* CoreDataExample.xcdatamodel */; };
		ACDBC3C91FA724740015606F /* UpdateItemViewController.swift in Sources */ = {isa = PBXBuildFile; fileRef = ACDBC3C51FA724740015606F /* UpdateItemViewController.swift */; };
		ACDBC3CC1FA75DF80015606F /* menu.png in Resources */ = {isa = PBXBuildFile; fileRef = ACDBC3CB1FA75DF80015606F /* menu.png */; };
		ACDBC3CE1FA75F250015606F /* user.png in Resources */ = {isa = PBXBuildFile; fileRef = ACDBC3CD1FA75F250015606F /* user.png */; };
		ACDBC3D01FA760630015606F /* menu1.png in Resources */ = {isa = PBXBuildFile; fileRef = ACDBC3CF1FA760630015606F /* menu1.png */; };
/* End PBXBuildFile section */

/* Begin PBXContainerItemProxy section */
		AC3ACAA51F853169002687E2 /* PBXContainerItemProxy */ = {
			isa = PBXContainerItemProxy;
			containerPortal = AC3ACA881F853168002687E2 /* Project object */;
			proxyType = 1;
			remoteGlobalIDString = AC3ACA8F1F853168002687E2;
			remoteInfo = MyLocationDemo;
		};
		AC3ACAB01F853169002687E2 /* PBXContainerItemProxy */ = {
			isa = PBXContainerItemProxy;
			containerPortal = AC3ACA881F853168002687E2 /* Project object */;
			proxyType = 1;
			remoteGlobalIDString = AC3ACA8F1F853168002687E2;
			remoteInfo = MyLocationDemo;
		};
/* End PBXContainerItemProxy section */

/* Begin PBXFileReference section */
		AC3ACA901F853168002687E2 /* MyLocationDemo.app */ = {isa = PBXFileReference; explicitFileType = wrapper.application; includeInIndex = 0; path = MyLocationDemo.app; sourceTree = BUILT_PRODUCTS_DIR; };
		AC3ACA931F853168002687E2 /* AppDelegate.swift */ = {isa = PBXFileReference; lastKnownFileType = sourcecode.swift; path = AppDelegate.swift; sourceTree = "<group>"; };
		AC3ACA951F853168002687E2 /* ViewController.swift */ = {isa = PBXFileReference; lastKnownFileType = sourcecode.swift; path = ViewController.swift; sourceTree = "<group>"; };
		AC3ACA981F853168002687E2 /* Base */ = {isa = PBXFileReference; lastKnownFileType = file.storyboard; name = Base; path = Base.lproj/Main.storyboard; sourceTree = "<group>"; };
		AC3ACA9A1F853168002687E2 /* Assets.xcassets */ = {isa = PBXFileReference; lastKnownFileType = folder.assetcatalog; path = Assets.xcassets; sourceTree = "<group>"; };
		AC3ACA9D1F853168002687E2 /* Base */ = {isa = PBXFileReference; lastKnownFileType = file.storyboard; name = Base; path = Base.lproj/LaunchScreen.storyboard; sourceTree = "<group>"; };
		AC3ACA9F1F853168002687E2 /* Info.plist */ = {isa = PBXFileReference; lastKnownFileType = text.plist.xml; path = Info.plist; sourceTree = "<group>"; };
		AC3ACAA41F853169002687E2 /* MyLocationDemoTests.xctest */ = {isa = PBXFileReference; explicitFileType = wrapper.cfbundle; includeInIndex = 0; path = MyLocationDemoTests.xctest; sourceTree = BUILT_PRODUCTS_DIR; };
		AC3ACAA81F853169002687E2 /* MyLocationDemoTests.swift */ = {isa = PBXFileReference; lastKnownFileType = sourcecode.swift; path = MyLocationDemoTests.swift; sourceTree = "<group>"; };
		AC3ACAAA1F853169002687E2 /* Info.plist */ = {isa = PBXFileReference; lastKnownFileType = text.plist.xml; path = Info.plist; sourceTree = "<group>"; };
		AC3ACAAF1F853169002687E2 /* MyLocationDemoUITests.xctest */ = {isa = PBXFileReference; explicitFileType = wrapper.cfbundle; includeInIndex = 0; path = MyLocationDemoUITests.xctest; sourceTree = BUILT_PRODUCTS_DIR; };
		AC3ACAB31F853169002687E2 /* MyLocationDemoUITests.swift */ = {isa = PBXFileReference; lastKnownFileType = sourcecode.swift; path = MyLocationDemoUITests.swift; sourceTree = "<group>"; };
		AC3ACAB51F853169002687E2 /* Info.plist */ = {isa = PBXFileReference; lastKnownFileType = text.plist.xml; path = Info.plist; sourceTree = "<group>"; };
		ACC43BE91FA5935400EE8A23 /* HomeViewController.swift */ = {isa = PBXFileReference; lastKnownFileType = sourcecode.swift; path = HomeViewController.swift; sourceTree = "<group>"; };
		ACC43BEB1FA5A30300EE8A23 /* Styleguide.swift */ = {isa = PBXFileReference; fileEncoding = 4; lastKnownFileType = sourcecode.swift; path = Styleguide.swift; sourceTree = "<group>"; };
		ACC43BEC1FA5A30300EE8A23 /* StyleguideHelpers.swift */ = {isa = PBXFileReference; fileEncoding = 4; lastKnownFileType = sourcecode.swift; path = StyleguideHelpers.swift; sourceTree = "<group>"; };
		ACC43BED1FA5A30300EE8A23 /* README.md */ = {isa = PBXFileReference; fileEncoding = 4; lastKnownFileType = net.daringfireball.markdown; path = README.md; sourceTree = "<group>"; };
		ACDBC3BF1FA721C20015606F /* Main1.storyboard */ = {isa = PBXFileReference; fileEncoding = 4; lastKnownFileType = file.storyboard; path = Main1.storyboard; sourceTree = "<group>"; };
		ACDBC3C11FA724360015606F /* DisplayTableViewController.swift */ = {isa = PBXFileReference; fileEncoding = 4; lastKnownFileType = sourcecode.swift; path = DisplayTableViewController.swift; sourceTree = "<group>"; };
		ACDBC3C31FA724740015606F /* addItemViewController.swift */ = {isa = PBXFileReference; fileEncoding = 4; lastKnownFileType = sourcecode.swift; path = addItemViewController.swift; sourceTree = "<group>"; };
		ACDBC3C41FA724740015606F /* CoreDataExample.xcdatamodel */ = {isa = PBXFileReference; lastKnownFileType = wrapper.xcdatamodel; path = CoreDataExample.xcdatamodel; sourceTree = "<group>"; };
		ACDBC3C51FA724740015606F /* UpdateItemViewController.swift */ = {isa = PBXFileReference; fileEncoding = 4; lastKnownFileType = sourcecode.swift; path = UpdateItemViewController.swift; sourceTree = "<group>"; };
		ACDBC3CB1FA75DF80015606F /* menu.png */ = {isa = PBXFileReference; lastKnownFileType = image.png; path = menu.png; sourceTree = "<group>"; };
		ACDBC3CD1FA75F250015606F /* user.png */ = {isa = PBXFileReference; lastKnownFileType = image.png; path = user.png; sourceTree = "<group>"; };
		ACDBC3CF1FA760630015606F /* menu1.png */ = {isa = PBXFileReference; lastKnownFileType = image.png; path = menu1.png; sourceTree = "<group>"; };
/* End PBXFileReference section */

/* Begin PBXFrameworksBuildPhase section */
		AC3ACA8D1F853168002687E2 /* Frameworks */ = {
			isa = PBXFrameworksBuildPhase;
			buildActionMask = 2147483647;
			files = (
			);
			runOnlyForDeploymentPostprocessing = 0;
		};
		AC3ACAA11F853169002687E2 /* Frameworks */ = {
			isa = PBXFrameworksBuildPhase;
			buildActionMask = 2147483647;
			files = (
			);
			runOnlyForDeploymentPostprocessing = 0;
		};
		AC3ACAAC1F853169002687E2 /* Frameworks */ = {
			isa = PBXFrameworksBuildPhase;
			buildActionMask = 2147483647;
			files = (
			);
			runOnlyForDeploymentPostprocessing = 0;
		};
/* End PBXFrameworksBuildPhase section */

/* Begin PBXGroup section */
		AC3ACA871F853168002687E2 = {
			isa = PBXGroup;
			children = (
				AC3ACA921F853168002687E2 /* MyLocationDemo */,
				AC3ACAA71F853169002687E2 /* MyLocationDemoTests */,
				AC3ACAB21F853169002687E2 /* MyLocationDemoUITests */,
				AC3ACA911F853168002687E2 /* Products */,
			);
			sourceTree = "<group>";
		};
		AC3ACA911F853168002687E2 /* Products */ = {
			isa = PBXGroup;
			children = (
				AC3ACA901F853168002687E2 /* MyLocationDemo.app */,
				AC3ACAA41F853169002687E2 /* MyLocationDemoTests.xctest */,
				AC3ACAAF1F853169002687E2 /* MyLocationDemoUITests.xctest */,
			);
			name = Products;
			sourceTree = "<group>";
		};
		AC3ACA921F853168002687E2 /* MyLocationDemo */ = {
			isa = PBXGroup;
			children = (
				AC3ACA931F853168002687E2 /* AppDelegate.swift */,
				AC3ACA951F853168002687E2 /* ViewController.swift */,
				AC3ACA971F853168002687E2 /* Main.storyboard */,
				ACDBC3CF1FA760630015606F /* menu1.png */,
				ACDBC3CD1FA75F250015606F /* user.png */,
				ACDBC3CB1FA75DF80015606F /* menu.png */,
				ACDBC3BF1FA721C20015606F /* Main1.storyboard */,
				ACDBC3C31FA724740015606F /* addItemViewController.swift */,
				ACDBC3C41FA724740015606F /* CoreDataExample.xcdatamodel */,
				ACDBC3C51FA724740015606F /* UpdateItemViewController.swift */,
				ACDBC3C11FA724360015606F /* DisplayTableViewController.swift */,
				ACC43BED1FA5A30300EE8A23 /* README.md */,
				ACC43BEB1FA5A30300EE8A23 /* Styleguide.swift */,
				ACC43BEC1FA5A30300EE8A23 /* StyleguideHelpers.swift */,
				ACC43BE91FA5935400EE8A23 /* HomeViewController.swift */,
				AC3ACA9A1F853168002687E2 /* Assets.xcassets */,
				AC3ACA9C1F853168002687E2 /* LaunchScreen.storyboard */,
				AC3ACA9F1F853168002687E2 /* Info.plist */,
			);
			path = MyLocationDemo;
			sourceTree = "<group>";
		};
		AC3ACAA71F853169002687E2 /* MyLocationDemoTests */ = {
			isa = PBXGroup;
			children = (
				AC3ACAA81F853169002687E2 /* MyLocationDemoTests.swift */,
				AC3ACAAA1F853169002687E2 /* Info.plist */,
			);
			path = MyLocationDemoTests;
			sourceTree = "<group>";
		};
		AC3ACAB21F853169002687E2 /* MyLocationDemoUITests */ = {
			isa = PBXGroup;
			children = (
				AC3ACAB31F853169002687E2 /* MyLocationDemoUITests.swift */,
				AC3ACAB51F853169002687E2 /* Info.plist */,
			);
			path = MyLocationDemoUITests;
			sourceTree = "<group>";
		};
/* End PBXGroup section */

/* Begin PBXNativeTarget section */
		AC3ACA8F1F853168002687E2 /* MyLocationDemo */ = {
			isa = PBXNativeTarget;
			buildConfigurationList = AC3ACAB81F853169002687E2 /* Build configuration list for PBXNativeTarget "MyLocationDemo" */;
			buildPhases = (
				AC3ACA8C1F853168002687E2 /* Sources */,
				AC3ACA8D1F853168002687E2 /* Frameworks */,
				AC3ACA8E1F853168002687E2 /* Resources */,
			);
			buildRules = (
			);
			dependencies = (
			);
			name = MyLocationDemo;
			productName = MyLocationDemo;
			productReference = AC3ACA901F853168002687E2 /* MyLocationDemo.app */;
			productType = "com.apple.product-type.application";
		};
		AC3ACAA31F853169002687E2 /* MyLocationDemoTests */ = {
			isa = PBXNativeTarget;
			buildConfigurationList = AC3ACABB1F853169002687E2 /* Build configuration list for PBXNativeTarget "MyLocationDemoTests" */;
			buildPhases = (
				AC3ACAA01F853169002687E2 /* Sources */,
				AC3ACAA11F853169002687E2 /* Frameworks */,
				AC3ACAA21F853169002687E2 /* Resources */,
			);
			buildRules = (
			);
			dependencies = (
				AC3ACAA61F853169002687E2 /* PBXTargetDependency */,
			);
			name = MyLocationDemoTests;
			productName = MyLocationDemoTests;
			productReference = AC3ACAA41F853169002687E2 /* MyLocationDemoTests.xctest */;
			productType = "com.apple.product-type.bundle.unit-test";
		};
		AC3ACAAE1F853169002687E2 /* MyLocationDemoUITests */ = {
			isa = PBXNativeTarget;
			buildConfigurationList = AC3ACABE1F853169002687E2 /* Build configuration list for PBXNativeTarget "MyLocationDemoUITests" */;
			buildPhases = (
				AC3ACAAB1F853169002687E2 /* Sources */,
				AC3ACAAC1F853169002687E2 /* Frameworks */,
				AC3ACAAD1F853169002687E2 /* Resources */,
			);
			buildRules = (
			);
			dependencies = (
				AC3ACAB11F853169002687E2 /* PBXTargetDependency */,
			);
			name = MyLocationDemoUITests;
			productName = MyLocationDemoUITests;
			productReference = AC3ACAAF1F853169002687E2 /* MyLocationDemoUITests.xctest */;
			productType = "com.apple.product-type.bundle.ui-testing";
		};
/* End PBXNativeTarget section */

/* Begin PBXProject section */
		AC3ACA881F853168002687E2 /* Project object */ = {
			isa = PBXProject;
			attributes = {
				LastSwiftUpdateCheck = 0900;
				LastUpgradeCheck = 0900;
				ORGANIZATIONNAME = "Praveen Babu Puram";
				TargetAttributes = {
					AC3ACA8F1F853168002687E2 = {
						CreatedOnToolsVersion = 9.0;
						ProvisioningStyle = Automatic;
					};
					AC3ACAA31F853169002687E2 = {
						CreatedOnToolsVersion = 9.0;
						ProvisioningStyle = Automatic;
						TestTargetID = AC3ACA8F1F853168002687E2;
					};
					AC3ACAAE1F853169002687E2 = {
						CreatedOnToolsVersion = 9.0;
						ProvisioningStyle = Automatic;
						TestTargetID = AC3ACA8F1F853168002687E2;
					};
				};
			};
			buildConfigurationList = AC3ACA8B1F853168002687E2 /* Build configuration list for PBXProject "MyLocationDemo" */;
			compatibilityVersion = "Xcode 8.0";
			developmentRegion = en;
			hasScannedForEncodings = 0;
			knownRegions = (
				en,
				Base,
			);
			mainGroup = AC3ACA871F853168002687E2;
			productRefGroup = AC3ACA911F853168002687E2 /* Products */;
			projectDirPath = "";
			projectRoot = "";
			targets = (
				AC3ACA8F1F853168002687E2 /* MyLocationDemo */,
				AC3ACAA31F853169002687E2 /* MyLocationDemoTests */,
				AC3ACAAE1F853169002687E2 /* MyLocationDemoUITests */,
			);
		};
/* End PBXProject section */

/* Begin PBXResourcesBuildPhase section */
		AC3ACA8E1F853168002687E2 /* Resources */ = {
			isa = PBXResourcesBuildPhase;
			buildActionMask = 2147483647;
			files = (
				ACDBC3C01FA721C20015606F /* Main1.storyboard in Resources */,
				AC3ACA9E1F853168002687E2 /* LaunchScreen.storyboard in Resources */,
				ACDBC3D01FA760630015606F /* menu1.png in Resources */,
				ACDBC3CC1FA75DF80015606F /* menu.png in Resources */,
				AC3ACA9B1F853168002687E2 /* Assets.xcassets in Resources */,
				ACDBC3CE1FA75F250015606F /* user.png in Resources */,
				ACC43BF01FA5A30300EE8A23 /* README.md in Resources */,
				AC3ACA991F853168002687E2 /* Main.storyboard in Resources */,
			);
			runOnlyForDeploymentPostprocessing = 0;
		};
		AC3ACAA21F853169002687E2 /* Resources */ = {
			isa = PBXResourcesBuildPhase;
			buildActionMask = 2147483647;
			files = (
			);
			runOnlyForDeploymentPostprocessing = 0;
		};
		AC3ACAAD1F853169002687E2 /* Resources */ = {
			isa = PBXResourcesBuildPhase;
			buildActionMask = 2147483647;
			files = (
			);
			runOnlyForDeploymentPostprocessing = 0;
		};
/* End PBXResourcesBuildPhase section */

/* Begin PBXSourcesBuildPhase section */
		AC3ACA8C1F853168002687E2 /* Sources */ = {
			isa = PBXSourcesBuildPhase;
			buildActionMask = 2147483647;
			files = (
				AC3ACA961F853168002687E2 /* ViewController.swift in Sources */,
				AC3ACA941F853168002687E2 /* AppDelegate.swift in Sources */,
				ACDBC3C71FA724740015606F /* addItemViewController.swift in Sources */,
				ACC43BEF1FA5A30300EE8A23 /* StyleguideHelpers.swift in Sources */,
				ACC43BEE1FA5A30300EE8A23 /* Styleguide.swift in Sources */,
				ACDBC3C21FA724360015606F /* DisplayTableViewController.swift in Sources */,
				ACDBC3C81FA724740015606F /* CoreDataExample.xcdatamodel in Sources */,
				ACDBC3C91FA724740015606F /* UpdateItemViewController.swift in Sources */,
				ACC43BEA1FA5935400EE8A23 /* HomeViewController.swift in Sources */,
			);
			runOnlyForDeploymentPostprocessing = 0;
		};
		AC3ACAA01F853169002687E2 /* Sources */ = {
			isa = PBXSourcesBuildPhase;
			buildActionMask = 2147483647;
			files = (
				AC3ACAA91F853169002687E2 /* MyLocationDemoTests.swift in Sources */,
			);
			runOnlyForDeploymentPostprocessing = 0;
		};
		AC3ACAAB1F853169002687E2 /* Sources */ = {
			isa = PBXSourcesBuildPhase;
			buildActionMask = 2147483647;
			files = (
				AC3ACAB41F853169002687E2 /* MyLocationDemoUITests.swift in Sources */,
			);
			runOnlyForDeploymentPostprocessing = 0;
		};
/* End PBXSourcesBuildPhase section */

/* Begin PBXTargetDependency section */
		AC3ACAA61F853169002687E2 /* PBXTargetDependency */ = {
			isa = PBXTargetDependency;
			target = AC3ACA8F1F853168002687E2 /* MyLocationDemo */;
			targetProxy = AC3ACAA51F853169002687E2 /* PBXContainerItemProxy */;
		};
		AC3ACAB11F853169002687E2 /* PBXTargetDependency */ = {
			isa = PBXTargetDependency;
			target = AC3ACA8F1F853168002687E2 /* MyLocationDemo */;
			targetProxy = AC3ACAB01F853169002687E2 /* PBXContainerItemProxy */;
		};
/* End PBXTargetDependency section */

/* Begin PBXVariantGroup section */
		AC3ACA971F853168002687E2 /* Main.storyboard */ = {
			isa = PBXVariantGroup;
			children = (
				AC3ACA981F853168002687E2 /* Base */,
			);
			name = Main.storyboard;
			sourceTree = "<group>";
		};
		AC3ACA9C1F853168002687E2 /* LaunchScreen.storyboard */ = {
			isa = PBXVariantGroup;
			children = (
				AC3ACA9D1F853168002687E2 /* Base */,
			);
			name = LaunchScreen.storyboard;
			sourceTree = "<group>";
		};
/* End PBXVariantGroup section */

/* Begin XCBuildConfiguration section */
		AC3ACAB61F853169002687E2 /* Debug */ = {
			isa = XCBuildConfiguration;
			buildSettings = {
				ALWAYS_SEARCH_USER_PATHS = NO;
				CLANG_ANALYZER_NONNULL = YES;
				CLANG_ANALYZER_NUMBER_OBJECT_CONVERSION = YES_AGGRESSIVE;
				CLANG_CXX_LANGUAGE_STANDARD = "gnu++14";
				CLANG_CXX_LIBRARY = "libc++";
				CLANG_ENABLE_MODULES = YES;
				CLANG_ENABLE_OBJC_ARC = YES;
				CLANG_WARN_BLOCK_CAPTURE_AUTORELEASING = YES;
				CLANG_WARN_BOOL_CONVERSION = YES;
				CLANG_WARN_COMMA = YES;
				CLANG_WARN_CONSTANT_CONVERSION = YES;
				CLANG_WARN_DIRECT_OBJC_ISA_USAGE = YES_ERROR;
				CLANG_WARN_DOCUMENTATION_COMMENTS = YES;
				CLANG_WARN_EMPTY_BODY = YES;
				CLANG_WARN_ENUM_CONVERSION = YES;
				CLANG_WARN_INFINITE_RECURSION = YES;
				CLANG_WARN_INT_CONVERSION = YES;
				CLANG_WARN_NON_LITERAL_NULL_CONVERSION = YES;
				CLANG_WARN_OBJC_LITERAL_CONVERSION = YES;
				CLANG_WARN_OBJC_ROOT_CLASS = YES_ERROR;
				CLANG_WARN_RANGE_LOOP_ANALYSIS = YES;
				CLANG_WARN_STRICT_PROTOTYPES = YES;
				CLANG_WARN_SUSPICIOUS_MOVE = YES;
				CLANG_WARN_UNGUARDED_AVAILABILITY = YES_AGGRESSIVE;
				CLANG_WARN_UNREACHABLE_CODE = YES;
				CLANG_WARN__DUPLICATE_METHOD_MATCH = YES;
				CODE_SIGN_IDENTITY = "iPhone Developer";
				COPY_PHASE_STRIP = NO;
				DEBUG_INFORMATION_FORMAT = dwarf;
				ENABLE_STRICT_OBJC_MSGSEND = YES;
				ENABLE_TESTABILITY = YES;
				GCC_C_LANGUAGE_STANDARD = gnu11;
				GCC_DYNAMIC_NO_PIC = NO;
				GCC_NO_COMMON_BLOCKS = YES;
				GCC_OPTIMIZATION_LEVEL = 0;
				GCC_PREPROCESSOR_DEFINITIONS = (
					"DEBUG=1",
					"$(inherited)",
				);
				GCC_WARN_64_TO_32_BIT_CONVERSION = YES;
				GCC_WARN_ABOUT_RETURN_TYPE = YES_ERROR;
				GCC_WARN_UNDECLARED_SELECTOR = YES;
				GCC_WARN_UNINITIALIZED_AUTOS = YES_AGGRESSIVE;
				GCC_WARN_UNUSED_FUNCTION = YES;
				GCC_WARN_UNUSED_VARIABLE = YES;
				IPHONEOS_DEPLOYMENT_TARGET = 11.0;
				MTL_ENABLE_DEBUG_INFO = YES;
				ONLY_ACTIVE_ARCH = YES;
				SDKROOT = iphoneos;
				SWIFT_ACTIVE_COMPILATION_CONDITIONS = DEBUG;
				SWIFT_OPTIMIZATION_LEVEL = "-Onone";
			};
			name = Debug;
		};
		AC3ACAB71F853169002687E2 /* Release */ = {
			isa = XCBuildConfiguration;
			buildSettings = {
				ALWAYS_SEARCH_USER_PATHS = NO;
				CLANG_ANALYZER_NONNULL = YES;
				CLANG_ANALYZER_NUMBER_OBJECT_CONVERSION = YES_AGGRESSIVE;
				CLANG_CXX_LANGUAGE_STANDARD = "gnu++14";
				CLANG_CXX_LIBRARY = "libc++";
				CLANG_ENABLE_MODULES = YES;
				CLANG_ENABLE_OBJC_ARC = YES;
				CLANG_WARN_BLOCK_CAPTURE_AUTORELEASING = YES;
				CLANG_WARN_BOOL_CONVERSION = YES;
				CLANG_WARN_COMMA = YES;
				CLANG_WARN_CONSTANT_CONVERSION = YES;
				CLANG_WARN_DIRECT_OBJC_ISA_USAGE = YES_ERROR;
				CLANG_WARN_DOCUMENTATION_COMMENTS = YES;
				CLANG_WARN_EMPTY_BODY = YES;
				CLANG_WARN_ENUM_CONVERSION = YES;
				CLANG_WARN_INFINITE_RECURSION = YES;
				CLANG_WARN_INT_CONVERSION = YES;
				CLANG_WARN_NON_LITERAL_NULL_CONVERSION = YES;
				CLANG_WARN_OBJC_LITERAL_CONVERSION = YES;
				CLANG_WARN_OBJC_ROOT_CLASS = YES_ERROR;
				CLANG_WARN_RANGE_LOOP_ANALYSIS = YES;
				CLANG_WARN_STRICT_PROTOTYPES = YES;
				CLANG_WARN_SUSPICIOUS_MOVE = YES;
				CLANG_WARN_UNGUARDED_AVAILABILITY = YES_AGGRESSIVE;
				CLANG_WARN_UNREACHABLE_CODE = YES;
				CLANG_WARN__DUPLICATE_METHOD_MATCH = YES;
				CODE_SIGN_IDENTITY = "iPhone Developer";
				COPY_PHASE_STRIP = NO;
				DEBUG_INFORMATION_FORMAT = "dwarf-with-dsym";
				ENABLE_NS_ASSERTIONS = NO;
				ENABLE_STRICT_OBJC_MSGSEND = YES;
				GCC_C_LANGUAGE_STANDARD = gnu11;
				GCC_NO_COMMON_BLOCKS = YES;
				GCC_WARN_64_TO_32_BIT_CONVERSION = YES;
				GCC_WARN_ABOUT_RETURN_TYPE = YES_ERROR;
				GCC_WARN_UNDECLARED_SELECTOR = YES;
				GCC_WARN_UNINITIALIZED_AUTOS = YES_AGGRESSIVE;
				GCC_WARN_UNUSED_FUNCTION = YES;
				GCC_WARN_UNUSED_VARIABLE = YES;
				IPHONEOS_DEPLOYMENT_TARGET = 11.0;
				MTL_ENABLE_DEBUG_INFO = NO;
				SDKROOT = iphoneos;
				SWIFT_OPTIMIZATION_LEVEL = "-Owholemodule";
				VALIDATE_PRODUCT = YES;
			};
			name = Release;
		};
		AC3ACAB91F853169002687E2 /* Debug */ = {
			isa = XCBuildConfiguration;
			buildSettings = {
				ASSETCATALOG_COMPILER_APPICON_NAME = AppIcon;
				CODE_SIGN_STYLE = Automatic;
				INFOPLIST_FILE = MyLocationDemo/Info.plist;
				LD_RUNPATH_SEARCH_PATHS = "$(inherited) @executable_path/Frameworks";
				PRODUCT_BUNDLE_IDENTIFIER = com.pbpuram.MyLocationDemo;
				PRODUCT_NAME = "$(TARGET_NAME)";
				SWIFT_VERSION = 4.0;
				TARGETED_DEVICE_FAMILY = "1,2";
			};
			name = Debug;
		};
		AC3ACABA1F853169002687E2 /* Release */ = {
			isa = XCBuildConfiguration;
			buildSettings = {
				ASSETCATALOG_COMPILER_APPICON_NAME = AppIcon;
				CODE_SIGN_STYLE = Automatic;
				INFOPLIST_FILE = MyLocationDemo/Info.plist;
				LD_RUNPATH_SEARCH_PATHS = "$(inherited) @executable_path/Frameworks";
				PRODUCT_BUNDLE_IDENTIFIER = com.pbpuram.MyLocationDemo;
				PRODUCT_NAME = "$(TARGET_NAME)";
				SWIFT_VERSION = 4.0;
				TARGETED_DEVICE_FAMILY = "1,2";
			};
			name = Release;
		};
		AC3ACABC1F853169002687E2 /* Debug */ = {
			isa = XCBuildConfiguration;
			buildSettings = {
				ALWAYS_EMBED_SWIFT_STANDARD_LIBRARIES = YES;
				BUNDLE_LOADER = "$(TEST_HOST)";
				CODE_SIGN_STYLE = Automatic;
				INFOPLIST_FILE = MyLocationDemoTests/Info.plist;
				LD_RUNPATH_SEARCH_PATHS = "$(inherited) @executable_path/Frameworks @loader_path/Frameworks";
				PRODUCT_BUNDLE_IDENTIFIER = com.pbpuram.MyLocationDemoTests;
				PRODUCT_NAME = "$(TARGET_NAME)";
				SWIFT_VERSION = 4.0;
				TARGETED_DEVICE_FAMILY = "1,2";
				TEST_HOST = "$(BUILT_PRODUCTS_DIR)/MyLocationDemo.app/MyLocationDemo";
			};
			name = Debug;
		};
		AC3ACABD1F853169002687E2 /* Release */ = {
			isa = XCBuildConfiguration;
			buildSettings = {
				ALWAYS_EMBED_SWIFT_STANDARD_LIBRARIES = YES;
				BUNDLE_LOADER = "$(TEST_HOST)";
				CODE_SIGN_STYLE = Automatic;
				INFOPLIST_FILE = MyLocationDemoTests/Info.plist;
				LD_RUNPATH_SEARCH_PATHS = "$(inherited) @executable_path/Frameworks @loader_path/Frameworks";
				PRODUCT_BUNDLE_IDENTIFIER = com.pbpuram.MyLocationDemoTests;
				PRODUCT_NAME = "$(TARGET_NAME)";
				SWIFT_VERSION = 4.0;
				TARGETED_DEVICE_FAMILY = "1,2";
				TEST_HOST = "$(BUILT_PRODUCTS_DIR)/MyLocationDemo.app/MyLocationDemo";
			};
			name = Release;
		};
		AC3ACABF1F853169002687E2 /* Debug */ = {
			isa = XCBuildConfiguration;
			buildSettings = {
				ALWAYS_EMBED_SWIFT_STANDARD_LIBRARIES = YES;
				CODE_SIGN_STYLE = Automatic;
				INFOPLIST_FILE = MyLocationDemoUITests/Info.plist;
				LD_RUNPATH_SEARCH_PATHS = "$(inherited) @executable_path/Frameworks @loader_path/Frameworks";
				PRODUCT_BUNDLE_IDENTIFIER = com.pbpuram.MyLocationDemoUITests;
				PRODUCT_NAME = "$(TARGET_NAME)";
				SWIFT_VERSION = 4.0;
				TARGETED_DEVICE_FAMILY = "1,2";
				TEST_TARGET_NAME = MyLocationDemo;
			};
			name = Debug;
		};
		AC3ACAC01F853169002687E2 /* Release */ = {
			isa = XCBuildConfiguration;
			buildSettings = {
				ALWAYS_EMBED_SWIFT_STANDARD_LIBRARIES = YES;
				CODE_SIGN_STYLE = Automatic;
				INFOPLIST_FILE = MyLocationDemoUITests/Info.plist;
				LD_RUNPATH_SEARCH_PATHS = "$(inherited) @executable_path/Frameworks @loader_path/Frameworks";
				PRODUCT_BUNDLE_IDENTIFIER = com.pbpuram.MyLocationDemoUITests;
				PRODUCT_NAME = "$(TARGET_NAME)";
				SWIFT_VERSION = 4.0;
				TARGETED_DEVICE_FAMILY = "1,2";
				TEST_TARGET_NAME = MyLocationDemo;
			};
			name = Release;
		};
/* End XCBuildConfiguration section */

/* Begin XCConfigurationList section */
		AC3ACA8B1F853168002687E2 /* Build configuration list for PBXProject "MyLocationDemo" */ = {
			isa = XCConfigurationList;
			buildConfigurations = (
				AC3ACAB61F853169002687E2 /* Debug */,
				AC3ACAB71F853169002687E2 /* Release */,
			);
			defaultConfigurationIsVisible = 0;
			defaultConfigurationName = Release;
		};
		AC3ACAB81F853169002687E2 /* Build configuration list for PBXNativeTarget "MyLocationDemo" */ = {
			isa = XCConfigurationList;
			buildConfigurations = (
				AC3ACAB91F853169002687E2 /* Debug */,
				AC3ACABA1F853169002687E2 /* Release */,
			);
			defaultConfigurationIsVisible = 0;
			defaultConfigurationName = Release;
		};
		AC3ACABB1F853169002687E2 /* Build configuration list for PBXNativeTarget "MyLocationDemoTests" */ = {
			isa = XCConfigurationList;
			buildConfigurations = (
				AC3ACABC1F853169002687E2 /* Debug */,
				AC3ACABD1F853169002687E2 /* Release */,
			);
			defaultConfigurationIsVisible = 0;
			defaultConfigurationName = Release;
		};
		AC3ACABE1F853169002687E2 /* Build configuration list for PBXNativeTarget "MyLocationDemoUITests" */ = {
			isa = XCConfigurationList;
			buildConfigurations = (
				AC3ACABF1F853169002687E2 /* Debug */,
				AC3ACAC01F853169002687E2 /* Release */,
			);
			defaultConfigurationIsVisible = 0;
			defaultConfigurationName = Release;
		};
/* End XCConfigurationList section */
	};
	rootObject = AC3ACA881F853168002687E2 /* Project object */;
}
